{
  "name": "shopping_cart_page",
  "version": "1.0.0",
  "lockfileVersion": 1,
  "requires": true,
  "dependencies": {
    "konami": {
      "version": "1.6.2",
      "resolved": "https://registry.npmjs.org/konami/-/konami-1.6.2.tgz",
      "integrity": "sha512-6wljx0YS4Opt7HWiaZFfL2rxn17pqvEFZLyHxeGHgb64QwrS8oRkxYkV22kyciVzs3yqQFKWHqsEvLxuhuQlag=="
    }
  }
}
